
Microsoft Visual Studio Solution File, Format Version 12.00
# Visual Studio Version 16
VisualStudioVersion = 16.0.30011.22
MinimumVisualStudioVersion = 10.0.40219.1
Project("{FAE04EC0-301F-11D3-BF4B-00C04F79EFBC}") = "laba4", "laba4\laba4.csproj", "{DC200AFA-E8ED-4877-BB85-062FCD3881DA}"
EndProject
Global
	GlobalSection(SolutionConfigurationPlatforms) = preSolution
		Debug|Any CPU = Debug|Any CPU
		Release|Any CPU = Release|Any CPU
	EndGlobalSection
	GlobalSection(ProjectConfigurationPlatforms) = postSolution
		{DC200AFA-E8ED-4877-BB85-062FCD3881DA}.Debug|Any CPU.ActiveCfg = Debug|Any CPU
		{DC200AFA-E8ED-4877-BB85-062FCD3881DA}.Debug|Any CPU.Build.0 = Debug|Any CPU
		{DC200AFA-E8ED-4877-BB85-062FCD3881DA}.Release|Any CPU.ActiveCfg = Release|Any CPU
		{DC200AFA-E8ED-4877-BB85-062FCD3881DA}.Release|Any CPU.Build.0 = Release|Any CPU
	EndGlobalSection
	GlobalSection(SolutionProperties) = preSolution
		HideSolutionNode = FALSE
	EndGlobalSection
	GlobalSection(ExtensibilityGlobals) = postSolution
		SolutionGuid = {706118ED-C868-4BDC-865D-137F2C325B95}
	EndGlobalSection
EndGlobal
